{
  "requires": true,
  "lockfileVersion": 1,
  "dependencies": {
    "coinpayments": {
      "version": "2.1.2",
      "resolved": "https://registry.npmjs.org/coinpayments/-/coinpayments-2.1.2.tgz",
      "integrity": "sha512-qN5onERAIWl6XKq3bCX19Jm1d8Ucg0LDQV690SvduPd6NCzyagEjS6MpFg5fV2gvQXaMq14ZijAnCat9STcoFg=="
    }
  }
}
